<?xml version="1.0" encoding="UTF-8"?>
<Scheme
   version = "1.3">
   <BuildAction>
      <BuildActionEntries>
         <BuildActionEntry
            buildForRunning = "YES"
            buildForTesting = "YES">
            <BuildableReference
               BuildableIdentifier = "primary"
               BlueprintIdentifier = "E0E067DBA2481857D4E9A976"
               BuildableName = "largestPrimeFactorTests.xctest"
               BlueprintName = "largestPrimeFactorTests"
               ReferencedContainer = "container:largestPrimeFactor.xcodeproj">
            </BuildableReference>
         </BuildActionEntry>
      </BuildActionEntries>
   </BuildAction>
   <TestAction
      buildConfiguration = "Debug">
      <Testables>
         <TestableReference>
            <BuildableReference
               BuildableIdentifier = "primary"
               BlueprintIdentifier = "E0E067DBA2481857D4E9A976"
               BuildableName = "largestPrimeFactorTests.xctest"
               BlueprintName = "largestPrimeFactorTests"
               ReferencedContainer = "container:largestPrimeFactor.xcodeproj">
            </BuildableReference>
            <SkippedTests>
               <Test
                  Identifier = "largestPrimeFactorTests">
               </Test>
            </SkippedTests>
         </TestableReference>
      </Testables>
   </TestAction>
   <LaunchAction
      useCustomWorkingDirectory = "NO">
   </LaunchAction>
</Scheme>
